// !$*UTF8*$!
{
	archiveVersion = 1;
	classes = {
	};
	objectVersion = 50;
	objects = {

/* Begin PBXBuildFile section */
		911BBB9E24CBED180038B60A /* LocationWeatherPresenter.m in Sources */ = {isa = PBXBuildFile; fileRef = 911BBB9424CBED180038B60A /* LocationWeatherPresenter.m */; };
		911BBB9F24CBED180038B60A /* LocationWeatherRouter.m in Sources */ = {isa = PBXBuildFile; fileRef = 911BBB9724CBED180038B60A /* LocationWeatherRouter.m */; };
		911BBBA024CBED180038B60A /* LocationWeatherViewController.m in Sources */ = {isa = PBXBuildFile; fileRef = 911BBB9924CBED180038B60A /* LocationWeatherViewController.m */; };
		911BBBA124CBED180038B60A /* LocationWeatherInteractor.m in Sources */ = {isa = PBXBuildFile; fileRef = 911BBB9A24CBED180038B60A /* LocationWeatherInteractor.m */; };
		911BBBA424CC1C370038B60A /* ForecastResponse.swift in Sources */ = {isa = PBXBuildFile; fileRef = 911BBBA324CC1C370038B60A /* ForecastResponse.swift */; };
		911BBBA624CC33BE0038B60A /* List.swift in Sources */ = {isa = PBXBuildFile; fileRef = 911BBBA524CC33BE0038B60A /* List.swift */; };
		911BBBA824CC35E50038B60A /* City.swift in Sources */ = {isa = PBXBuildFile; fileRef = 911BBBA724CC35E50038B60A /* City.swift */; };
		911BBBAE24CC6C250038B60A /* CityWeatherTableViewCell.xib in Resources */ = {isa = PBXBuildFile; fileRef = 911BBBAC24CC6C250038B60A /* CityWeatherTableViewCell.xib */; };
		911BBBB124CC70330038B60A /* LocationWeatherTableViewHandler.m in Sources */ = {isa = PBXBuildFile; fileRef = 911BBBB024CC70330038B60A /* LocationWeatherTableViewHandler.m */; };
		9131199424CBE132001C667B /* ErrorResponse.swift in Sources */ = {isa = PBXBuildFile; fileRef = 9131199324CBE132001C667B /* ErrorResponse.swift */; };
		9138D29224CCAF270077966E /* WeatherForecastTests.swift in Sources */ = {isa = PBXBuildFile; fileRef = 9138D29124CCAF270077966E /* WeatherForecastTests.swift */; };
		9143451824C8A5B500F9E643 /* CityWeatherPresenter.swift in Sources */ = {isa = PBXBuildFile; fileRef = 9143451224C8A5B500F9E643 /* CityWeatherPresenter.swift */; };
		9143451924C8A5B500F9E643 /* CityWeatherRouter.swift in Sources */ = {isa = PBXBuildFile; fileRef = 9143451324C8A5B500F9E643 /* CityWeatherRouter.swift */; };
		9143451A24C8A5B500F9E643 /* CityWeatherViewController.swift in Sources */ = {isa = PBXBuildFile; fileRef = 9143451424C8A5B500F9E643 /* CityWeatherViewController.swift */; };
		9143451B24C8A5B500F9E643 /* CityWeatherProtocols.swift in Sources */ = {isa = PBXBuildFile; fileRef = 9143451524C8A5B500F9E643 /* CityWeatherProtocols.swift */; };
		9143451C24C8A5B500F9E643 /* CityWeatherInteractor.swift in Sources */ = {isa = PBXBuildFile; fileRef = 9143451624C8A5B500F9E643 /* CityWeatherInteractor.swift */; };
		9143452124C8AE1100F9E643 /* Coordinate.swift in Sources */ = {isa = PBXBuildFile; fileRef = 9143452024C8AE1100F9E643 /* Coordinate.swift */; };
		9143452324C8B06500F9E643 /* Weather.swift in Sources */ = {isa = PBXBuildFile; fileRef = 9143452224C8B06500F9E643 /* Weather.swift */; };
		9143452524C8B22100F9E643 /* Main.swift in Sources */ = {isa = PBXBuildFile; fileRef = 9143452424C8B22100F9E643 /* Main.swift */; };
		9143452724C8B2CA00F9E643 /* Wind.swift in Sources */ = {isa = PBXBuildFile; fileRef = 9143452624C8B2C900F9E643 /* Wind.swift */; };
		9177F77824CD0CBD002D90CF /* CityForecast.m in Sources */ = {isa = PBXBuildFile; fileRef = 9177F77724CD0CBD002D90CF /* CityForecast.m */; };
		9177F77B24CD13EA002D90CF /* DateForecast.m in Sources */ = {isa = PBXBuildFile; fileRef = 9177F77A24CD13EA002D90CF /* DateForecast.m */; };
		9177F77E24CD147F002D90CF /* TimeForecast.m in Sources */ = {isa = PBXBuildFile; fileRef = 9177F77D24CD147F002D90CF /* TimeForecast.m */; };
		917F90E924CB2EED00FBFF1A /* CityWeatherTableViewHandler.swift in Sources */ = {isa = PBXBuildFile; fileRef = 917F90E824CB2EED00FBFF1A /* CityWeatherTableViewHandler.swift */; };
		917F90EC24CB2F4F00FBFF1A /* CityWeatherTableViewCell.swift in Sources */ = {isa = PBXBuildFile; fileRef = 917F90EB24CB2F4F00FBFF1A /* CityWeatherTableViewCell.swift */; };
		918F7C9C24C88E45009CAA5E /* AppDelegate.swift in Sources */ = {isa = PBXBuildFile; fileRef = 918F7C9B24C88E45009CAA5E /* AppDelegate.swift */; };
		918F7C9E24C88E45009CAA5E /* SceneDelegate.swift in Sources */ = {isa = PBXBuildFile; fileRef = 918F7C9D24C88E45009CAA5E /* SceneDelegate.swift */; };
		918F7CA524C88E49009CAA5E /* Assets.xcassets in Resources */ = {isa = PBXBuildFile; fileRef = 918F7CA424C88E49009CAA5E /* Assets.xcassets */; };
		918F7CA824C88E49009CAA5E /* LaunchScreen.storyboard in Resources */ = {isa = PBXBuildFile; fileRef = 918F7CA624C88E49009CAA5E /* LaunchScreen.storyboard */; };
		918F7CB224C891FF009CAA5E /* Constants.swift in Sources */ = {isa = PBXBuildFile; fileRef = 918F7CB124C891FF009CAA5E /* Constants.swift */; };
		918F7CB524C892BF009CAA5E /* APIClient.swift in Sources */ = {isa = PBXBuildFile; fileRef = 918F7CB424C892BF009CAA5E /* APIClient.swift */; };
		918F7CB724C892E0009CAA5E /* APIRouter.swift in Sources */ = {isa = PBXBuildFile; fileRef = 918F7CB624C892E0009CAA5E /* APIRouter.swift */; };
		91CE6BBE24C9C074006D6A68 /* Clouds.swift in Sources */ = {isa = PBXBuildFile; fileRef = 91CE6BBD24C9C074006D6A68 /* Clouds.swift */; };
		91CE6BC024C9C108006D6A68 /* Sys.swift in Sources */ = {isa = PBXBuildFile; fileRef = 91CE6BBF24C9C108006D6A68 /* Sys.swift */; };
		91CE6BC224C9C19B006D6A68 /* WeatherResponse.swift in Sources */ = {isa = PBXBuildFile; fileRef = 91CE6BC124C9C19B006D6A68 /* WeatherResponse.swift */; };
		91CE6BC524C9C55C006D6A68 /* Main.storyboard in Resources */ = {isa = PBXBuildFile; fileRef = 91CE6BC324C9C55C006D6A68 /* Main.storyboard */; };
/* End PBXBuildFile section */

/* Begin PBXContainerItemProxy section */
		9138D29424CCAF270077966E /* PBXContainerItemProxy */ = {
			isa = PBXContainerItemProxy;
			containerPortal = 918F7C9024C88E45009CAA5E /* Project object */;
			proxyType = 1;
			remoteGlobalIDString = 918F7C9724C88E45009CAA5E;
			remoteInfo = WeatherForecast;
		};
/* End PBXContainerItemProxy section */

/* Begin PBXFileReference section */
		911BBB9324CBED180038B60A /* WeatherForecast-Bridging-Header.h */ = {isa = PBXFileReference; lastKnownFileType = sourcecode.c.h; path = "WeatherForecast-Bridging-Header.h"; sourceTree = "<group>"; };
		911BBB9424CBED180038B60A /* LocationWeatherPresenter.m */ = {isa = PBXFileReference; lastKnownFileType = sourcecode.c.objc; path = LocationWeatherPresenter.m; sourceTree = "<group>"; };
		911BBB9524CBED180038B60A /* LocationWeatherInteractor.h */ = {isa = PBXFileReference; lastKnownFileType = sourcecode.c.h; path = LocationWeatherInteractor.h; sourceTree = "<group>"; };
		911BBB9624CBED180038B60A /* LocationWeatherViewController.h */ = {isa = PBXFileReference; lastKnownFileType = sourcecode.c.h; path = LocationWeatherViewController.h; sourceTree = "<group>"; };
		911BBB9724CBED180038B60A /* LocationWeatherRouter.m */ = {isa = PBXFileReference; lastKnownFileType = sourcecode.c.objc; path = LocationWeatherRouter.m; sourceTree = "<group>"; };
		911BBB9824CBED180038B60A /* LocationWeatherProtocols.h */ = {isa = PBXFileReference; lastKnownFileType = sourcecode.c.h; path = LocationWeatherProtocols.h; sourceTree = "<group>"; };
		911BBB9924CBED180038B60A /* LocationWeatherViewController.m */ = {isa = PBXFileReference; lastKnownFileType = sourcecode.c.objc; path = LocationWeatherViewController.m; sourceTree = "<group>"; };
		911BBB9A24CBED180038B60A /* LocationWeatherInteractor.m */ = {isa = PBXFileReference; lastKnownFileType = sourcecode.c.objc; path = LocationWeatherInteractor.m; sourceTree = "<group>"; };
		911BBB9B24CBED180038B60A /* LocationWeatherPresenter.h */ = {isa = PBXFileReference; lastKnownFileType = sourcecode.c.h; path = LocationWeatherPresenter.h; sourceTree = "<group>"; };
		911BBB9D24CBED180038B60A /* LocationWeatherRouter.h */ = {isa = PBXFileReference; lastKnownFileType = sourcecode.c.h; path = LocationWeatherRouter.h; sourceTree = "<group>"; };
		911BBBA324CC1C370038B60A /* ForecastResponse.swift */ = {isa = PBXFileReference; lastKnownFileType = sourcecode.swift; path = ForecastResponse.swift; sourceTree = "<group>"; };
		911BBBA524CC33BE0038B60A /* List.swift */ = {isa = PBXFileReference; lastKnownFileType = sourcecode.swift; path = List.swift; sourceTree = "<group>"; };
		911BBBA724CC35E50038B60A /* City.swift */ = {isa = PBXFileReference; lastKnownFileType = sourcecode.swift; path = City.swift; sourceTree = "<group>"; };
		911BBBAC24CC6C250038B60A /* CityWeatherTableViewCell.xib */ = {isa = PBXFileReference; lastKnownFileType = file.xib; path = CityWeatherTableViewCell.xib; sourceTree = "<group>"; };
		911BBBAF24CC70330038B60A /* LocationWeatherTableViewHandler.h */ = {isa = PBXFileReference; lastKnownFileType = sourcecode.c.h; path = LocationWeatherTableViewHandler.h; sourceTree = "<group>"; };
		911BBBB024CC70330038B60A /* LocationWeatherTableViewHandler.m */ = {isa = PBXFileReference; lastKnownFileType = sourcecode.c.objc; path = LocationWeatherTableViewHandler.m; sourceTree = "<group>"; };
		9131199324CBE132001C667B /* ErrorResponse.swift */ = {isa = PBXFileReference; lastKnownFileType = sourcecode.swift; path = ErrorResponse.swift; sourceTree = "<group>"; };
		9138D28F24CCAF270077966E /* WeatherForecastTests.xctest */ = {isa = PBXFileReference; explicitFileType = wrapper.cfbundle; includeInIndex = 0; path = WeatherForecastTests.xctest; sourceTree = BUILT_PRODUCTS_DIR; };
		9138D29124CCAF270077966E /* WeatherForecastTests.swift */ = {isa = PBXFileReference; lastKnownFileType = sourcecode.swift; path = WeatherForecastTests.swift; sourceTree = "<group>"; };
		9138D29324CCAF270077966E /* Info.plist */ = {isa = PBXFileReference; lastKnownFileType = text.plist.xml; path = Info.plist; sourceTree = "<group>"; };
		9143451224C8A5B500F9E643 /* CityWeatherPresenter.swift */ = {isa = PBXFileReference; lastKnownFileType = sourcecode.swift; path = CityWeatherPresenter.swift; sourceTree = "<group>"; };
		9143451324C8A5B500F9E643 /* CityWeatherRouter.swift */ = {isa = PBXFileReference; lastKnownFileType = sourcecode.swift; path = CityWeatherRouter.swift; sourceTree = "<group>"; };
		9143451424C8A5B500F9E643 /* CityWeatherViewController.swift */ = {isa = PBXFileReference; lastKnownFileType = sourcecode.swift; path = CityWeatherViewController.swift; sourceTree = "<group>"; };
		9143451524C8A5B500F9E643 /* CityWeatherProtocols.swift */ = {isa = PBXFileReference; lastKnownFileType = sourcecode.swift; path = CityWeatherProtocols.swift; sourceTree = "<group>"; };
		9143451624C8A5B500F9E643 /* CityWeatherInteractor.swift */ = {isa = PBXFileReference; lastKnownFileType = sourcecode.swift; path = CityWeatherInteractor.swift; sourceTree = "<group>"; };
		9143452024C8AE1100F9E643 /* Coordinate.swift */ = {isa = PBXFileReference; lastKnownFileType = sourcecode.swift; path = Coordinate.swift; sourceTree = "<group>"; };
		9143452224C8B06500F9E643 /* Weather.swift */ = {isa = PBXFileReference; lastKnownFileType = sourcecode.swift; path = Weather.swift; sourceTree = "<group>"; };
		9143452424C8B22100F9E643 /* Main.swift */ = {isa = PBXFileReference; lastKnownFileType = sourcecode.swift; path = Main.swift; sourceTree = "<group>"; };
		9143452624C8B2C900F9E643 /* Wind.swift */ = {isa = PBXFileReference; lastKnownFileType = sourcecode.swift; path = Wind.swift; sourceTree = "<group>"; };
		9177F77624CD0CBD002D90CF /* CityForecast.h */ = {isa = PBXFileReference; lastKnownFileType = sourcecode.c.h; path = CityForecast.h; sourceTree = "<group>"; };
		9177F77724CD0CBD002D90CF /* CityForecast.m */ = {isa = PBXFileReference; lastKnownFileType = sourcecode.c.objc; path = CityForecast.m; sourceTree = "<group>"; };
		9177F77924CD13EA002D90CF /* DateForecast.h */ = {isa = PBXFileReference; lastKnownFileType = sourcecode.c.h; path = DateForecast.h; sourceTree = "<group>"; };
		9177F77A24CD13EA002D90CF /* DateForecast.m */ = {isa = PBXFileReference; lastKnownFileType = sourcecode.c.objc; path = DateForecast.m; sourceTree = "<group>"; };
		9177F77C24CD147F002D90CF /* TimeForecast.h */ = {isa = PBXFileReference; lastKnownFileType = sourcecode.c.h; path = TimeForecast.h; sourceTree = "<group>"; };
		9177F77D24CD147F002D90CF /* TimeForecast.m */ = {isa = PBXFileReference; lastKnownFileType = sourcecode.c.objc; path = TimeForecast.m; sourceTree = "<group>"; };
		917F90E824CB2EED00FBFF1A /* CityWeatherTableViewHandler.swift */ = {isa = PBXFileReference; lastKnownFileType = sourcecode.swift; path = CityWeatherTableViewHandler.swift; sourceTree = "<group>"; };
		917F90EB24CB2F4F00FBFF1A /* CityWeatherTableViewCell.swift */ = {isa = PBXFileReference; lastKnownFileType = sourcecode.swift; path = CityWeatherTableViewCell.swift; sourceTree = "<group>"; };
		918F7C9824C88E45009CAA5E /* WeatherForecast.app */ = {isa = PBXFileReference; explicitFileType = wrapper.application; includeInIndex = 0; path = WeatherForecast.app; sourceTree = BUILT_PRODUCTS_DIR; };
		918F7C9B24C88E45009CAA5E /* AppDelegate.swift */ = {isa = PBXFileReference; lastKnownFileType = sourcecode.swift; path = AppDelegate.swift; sourceTree = "<group>"; };
		918F7C9D24C88E45009CAA5E /* SceneDelegate.swift */ = {isa = PBXFileReference; lastKnownFileType = sourcecode.swift; path = SceneDelegate.swift; sourceTree = "<group>"; };
		918F7CA424C88E49009CAA5E /* Assets.xcassets */ = {isa = PBXFileReference; lastKnownFileType = folder.assetcatalog; path = Assets.xcassets; sourceTree = "<group>"; };
		918F7CA724C88E49009CAA5E /* Base */ = {isa = PBXFileReference; lastKnownFileType = file.storyboard; name = Base; path = Base.lproj/LaunchScreen.storyboard; sourceTree = "<group>"; };
		918F7CA924C88E49009CAA5E /* Info.plist */ = {isa = PBXFileReference; lastKnownFileType = text.plist.xml; path = Info.plist; sourceTree = "<group>"; };
		918F7CB124C891FF009CAA5E /* Constants.swift */ = {isa = PBXFileReference; lastKnownFileType = sourcecode.swift; path = Constants.swift; sourceTree = "<group>"; };
		918F7CB424C892BF009CAA5E /* APIClient.swift */ = {isa = PBXFileReference; lastKnownFileType = sourcecode.swift; path = APIClient.swift; sourceTree = "<group>"; };
		918F7CB624C892E0009CAA5E /* APIRouter.swift */ = {isa = PBXFileReference; lastKnownFileType = sourcecode.swift; path = APIRouter.swift; sourceTree = "<group>"; };
		91CE6BBD24C9C074006D6A68 /* Clouds.swift */ = {isa = PBXFileReference; lastKnownFileType = sourcecode.swift; path = Clouds.swift; sourceTree = "<group>"; };
		91CE6BBF24C9C108006D6A68 /* Sys.swift */ = {isa = PBXFileReference; lastKnownFileType = sourcecode.swift; path = Sys.swift; sourceTree = "<group>"; };
		91CE6BC124C9C19B006D6A68 /* WeatherResponse.swift */ = {isa = PBXFileReference; lastKnownFileType = sourcecode.swift; path = WeatherResponse.swift; sourceTree = "<group>"; };
		91CE6BC424C9C55C006D6A68 /* Base */ = {isa = PBXFileReference; lastKnownFileType = file.storyboard; name = Base; path = Base.lproj/Main.storyboard; sourceTree = "<group>"; };
/* End PBXFileReference section */

/* Begin PBXFrameworksBuildPhase section */
		9138D28C24CCAF270077966E /* Frameworks */ = {
			isa = PBXFrameworksBuildPhase;
			buildActionMask = 2147483647;
			files = (
			);
			runOnlyForDeploymentPostprocessing = 0;
		};
		918F7C9524C88E45009CAA5E /* Frameworks */ = {
			isa = PBXFrameworksBuildPhase;
			buildActionMask = 2147483647;
			files = (
			);
			runOnlyForDeploymentPostprocessing = 0;
		};
/* End PBXFrameworksBuildPhase section */

/* Begin PBXGroup section */
		9131199524CBE909001C667B /* LocationWeather */ = {
			isa = PBXGroup;
			children = (
				9177F77524CD0BF9002D90CF /* Model */,
				911BBB9D24CBED180038B60A /* LocationWeatherRouter.h */,
				911BBB9724CBED180038B60A /* LocationWeatherRouter.m */,
				911BBB9B24CBED180038B60A /* LocationWeatherPresenter.h */,
				911BBB9424CBED180038B60A /* LocationWeatherPresenter.m */,
				911BBB9524CBED180038B60A /* LocationWeatherInteractor.h */,
				911BBB9A24CBED180038B60A /* LocationWeatherInteractor.m */,
				911BBB9624CBED180038B60A /* LocationWeatherViewController.h */,
				911BBB9924CBED180038B60A /* LocationWeatherViewController.m */,
				911BBB9824CBED180038B60A /* LocationWeatherProtocols.h */,
				911BBBAF24CC70330038B60A /* LocationWeatherTableViewHandler.h */,
				911BBBB024CC70330038B60A /* LocationWeatherTableViewHandler.m */,
				911BBB9324CBED180038B60A /* WeatherForecast-Bridging-Header.h */,
			);
			path = LocationWeather;
			sourceTree = "<group>";
		};
		9138D29024CCAF270077966E /* WeatherForecastTests */ = {
			isa = PBXGroup;
			children = (
				9138D29124CCAF270077966E /* WeatherForecastTests.swift */,
				9138D29324CCAF270077966E /* Info.plist */,
			);
			path = WeatherForecastTests;
			sourceTree = "<group>";
		};
		9143451E24C8A5C600F9E643 /* CityWeather */ = {
			isa = PBXGroup;
			children = (
				917F90EA24CB2EFA00FBFF1A /* Cell */,
				9143451224C8A5B500F9E643 /* CityWeatherPresenter.swift */,
				9143451324C8A5B500F9E643 /* CityWeatherRouter.swift */,
				9143451424C8A5B500F9E643 /* CityWeatherViewController.swift */,
				9143451524C8A5B500F9E643 /* CityWeatherProtocols.swift */,
				9143451624C8A5B500F9E643 /* CityWeatherInteractor.swift */,
				917F90E824CB2EED00FBFF1A /* CityWeatherTableViewHandler.swift */,
			);
			path = CityWeather;
			sourceTree = "<group>";
		};
		9143451F24C8AD5300F9E643 /* Models */ = {
			isa = PBXGroup;
			children = (
				9143452024C8AE1100F9E643 /* Coordinate.swift */,
				9143452224C8B06500F9E643 /* Weather.swift */,
				9143452424C8B22100F9E643 /* Main.swift */,
				9143452624C8B2C900F9E643 /* Wind.swift */,
				91CE6BBD24C9C074006D6A68 /* Clouds.swift */,
				91CE6BBF24C9C108006D6A68 /* Sys.swift */,
				91CE6BC124C9C19B006D6A68 /* WeatherResponse.swift */,
				9131199324CBE132001C667B /* ErrorResponse.swift */,
				911BBBA324CC1C370038B60A /* ForecastResponse.swift */,
				911BBBA524CC33BE0038B60A /* List.swift */,
				911BBBA724CC35E50038B60A /* City.swift */,
			);
			path = Models;
			sourceTree = "<group>";
		};
		9177F77524CD0BF9002D90CF /* Model */ = {
			isa = PBXGroup;
			children = (
				9177F77624CD0CBD002D90CF /* CityForecast.h */,
				9177F77724CD0CBD002D90CF /* CityForecast.m */,
				9177F77924CD13EA002D90CF /* DateForecast.h */,
				9177F77A24CD13EA002D90CF /* DateForecast.m */,
				9177F77C24CD147F002D90CF /* TimeForecast.h */,
				9177F77D24CD147F002D90CF /* TimeForecast.m */,
			);
			path = Model;
			sourceTree = "<group>";
		};
		917F90EA24CB2EFA00FBFF1A /* Cell */ = {
			isa = PBXGroup;
			children = (
				917F90EB24CB2F4F00FBFF1A /* CityWeatherTableViewCell.swift */,
				911BBBAC24CC6C250038B60A /* CityWeatherTableViewCell.xib */,
			);
			path = Cell;
			sourceTree = "<group>";
		};
		917F90ED24CB52AB00FBFF1A /* Utils */ = {
			isa = PBXGroup;
			children = (
			);
			path = Utils;
			sourceTree = "<group>";
		};
		918F7C8F24C88E45009CAA5E = {
			isa = PBXGroup;
			children = (
				918F7C9A24C88E45009CAA5E /* WeatherForecast */,
				9138D29024CCAF270077966E /* WeatherForecastTests */,
				918F7C9924C88E45009CAA5E /* Products */,
			);
			sourceTree = "<group>";
		};
		918F7C9924C88E45009CAA5E /* Products */ = {
			isa = PBXGroup;
			children = (
				918F7C9824C88E45009CAA5E /* WeatherForecast.app */,
				9138D28F24CCAF270077966E /* WeatherForecastTests.xctest */,
			);
			name = Products;
			sourceTree = "<group>";
		};
		918F7C9A24C88E45009CAA5E /* WeatherForecast */ = {
			isa = PBXGroup;
			children = (
				918F7C9B24C88E45009CAA5E /* AppDelegate.swift */,
				918F7C9D24C88E45009CAA5E /* SceneDelegate.swift */,
				918F7CAF24C89131009CAA5E /* Common */,
				918F7CB024C8915A009CAA5E /* Modules */,
				918F7CA424C88E49009CAA5E /* Assets.xcassets */,
				91CE6BC324C9C55C006D6A68 /* Main.storyboard */,
				918F7CA624C88E49009CAA5E /* LaunchScreen.storyboard */,
				918F7CA924C88E49009CAA5E /* Info.plist */,
			);
			path = WeatherForecast;
			sourceTree = "<group>";
		};
		918F7CAF24C89131009CAA5E /* Common */ = {
			isa = PBXGroup;
			children = (
				9143451F24C8AD5300F9E643 /* Models */,
				917F90ED24CB52AB00FBFF1A /* Utils */,
				918F7CB124C891FF009CAA5E /* Constants.swift */,
				918F7CB324C89297009CAA5E /* APIClient */,
			);
			path = Common;
			sourceTree = "<group>";
		};
		918F7CB024C8915A009CAA5E /* Modules */ = {
			isa = PBXGroup;
			children = (
				9143451E24C8A5C600F9E643 /* CityWeather */,
				9131199524CBE909001C667B /* LocationWeather */,
			);
			path = Modules;
			sourceTree = "<group>";
		};
		918F7CB324C89297009CAA5E /* APIClient */ = {
			isa = PBXGroup;
			children = (
				918F7CB424C892BF009CAA5E /* APIClient.swift */,
				918F7CB624C892E0009CAA5E /* APIRouter.swift */,
			);
			path = APIClient;
			sourceTree = "<group>";
		};
/* End PBXGroup section */

/* Begin PBXNativeTarget section */
		9138D28E24CCAF270077966E /* WeatherForecastTests */ = {
			isa = PBXNativeTarget;
			buildConfigurationList = 9138D29824CCAF270077966E /* Build configuration list for PBXNativeTarget "WeatherForecastTests" */;
			buildPhases = (
				9138D28B24CCAF270077966E /* Sources */,
				9138D28C24CCAF270077966E /* Frameworks */,
				9138D28D24CCAF270077966E /* Resources */,
			);
			buildRules = (
			);
			dependencies = (
				9138D29524CCAF270077966E /* PBXTargetDependency */,
			);
			name = WeatherForecastTests;
			productName = WeatherForecastTests;
			productReference = 9138D28F24CCAF270077966E /* WeatherForecastTests.xctest */;
			productType = "com.apple.product-type.bundle.unit-test";
		};
		918F7C9724C88E45009CAA5E /* WeatherForecast */ = {
			isa = PBXNativeTarget;
			buildConfigurationList = 918F7CAC24C88E49009CAA5E /* Build configuration list for PBXNativeTarget "WeatherForecast" */;
			buildPhases = (
				918F7C9424C88E45009CAA5E /* Sources */,
				918F7C9524C88E45009CAA5E /* Frameworks */,
				918F7C9624C88E45009CAA5E /* Resources */,
			);
			buildRules = (
			);
			dependencies = (
			);
			name = WeatherForecast;
			productName = WeatherForecast;
			productReference = 918F7C9824C88E45009CAA5E /* WeatherForecast.app */;
			productType = "com.apple.product-type.application";
		};
/* End PBXNativeTarget section */

/* Begin PBXProject section */
		918F7C9024C88E45009CAA5E /* Project object */ = {
			isa = PBXProject;
			attributes = {
				LastSwiftUpdateCheck = 1140;
				LastUpgradeCheck = 1140;
				ORGANIZATIONNAME = "Anis Rehman";
				TargetAttributes = {
					9138D28E24CCAF270077966E = {
						CreatedOnToolsVersion = 11.4.1;
						TestTargetID = 918F7C9724C88E45009CAA5E;
					};
					918F7C9724C88E45009CAA5E = {
						CreatedOnToolsVersion = 11.4.1;
						LastSwiftMigration = 1140;
					};
				};
			};
			buildConfigurationList = 918F7C9324C88E45009CAA5E /* Build configuration list for PBXProject "WeatherForecast" */;
			compatibilityVersion = "Xcode 9.3";
			developmentRegion = en;
			hasScannedForEncodings = 0;
			knownRegions = (
				en,
				Base,
			);
			mainGroup = 918F7C8F24C88E45009CAA5E;
			productRefGroup = 918F7C9924C88E45009CAA5E /* Products */;
			projectDirPath = "";
			projectRoot = "";
			targets = (
				918F7C9724C88E45009CAA5E /* WeatherForecast */,
				9138D28E24CCAF270077966E /* WeatherForecastTests */,
			);
		};
/* End PBXProject section */

/* Begin PBXResourcesBuildPhase section */
		9138D28D24CCAF270077966E /* Resources */ = {
			isa = PBXResourcesBuildPhase;
			buildActionMask = 2147483647;
			files = (
			);
			runOnlyForDeploymentPostprocessing = 0;
		};
		918F7C9624C88E45009CAA5E /* Resources */ = {
			isa = PBXResourcesBuildPhase;
			buildActionMask = 2147483647;
			files = (
				91CE6BC524C9C55C006D6A68 /* Main.storyboard in Resources */,
				918F7CA824C88E49009CAA5E /* LaunchScreen.storyboard in Resources */,
				911BBBAE24CC6C250038B60A /* CityWeatherTableViewCell.xib in Resources */,
				918F7CA524C88E49009CAA5E /* Assets.xcassets in Resources */,
			);
			runOnlyForDeploymentPostprocessing = 0;
		};
/* End PBXResourcesBuildPhase section */

/* Begin PBXSourcesBuildPhase section */
		9138D28B24CCAF270077966E /* Sources */ = {
			isa = PBXSourcesBuildPhase;
			buildActionMask = 2147483647;
			files = (
				9138D29224CCAF270077966E /* WeatherForecastTests.swift in Sources */,
			);
			runOnlyForDeploymentPostprocessing = 0;
		};
		918F7C9424C88E45009CAA5E /* Sources */ = {
			isa = PBXSourcesBuildPhase;
			buildActionMask = 2147483647;
			files = (
				911BBB9E24CBED180038B60A /* LocationWeatherPresenter.m in Sources */,
				911BBBA124CBED180038B60A /* LocationWeatherInteractor.m in Sources */,
				911BBBA824CC35E50038B60A /* City.swift in Sources */,
				9143451B24C8A5B500F9E643 /* CityWeatherProtocols.swift in Sources */,
				91CE6BBE24C9C074006D6A68 /* Clouds.swift in Sources */,
				917F90E924CB2EED00FBFF1A /* CityWeatherTableViewHandler.swift in Sources */,
				9177F77E24CD147F002D90CF /* TimeForecast.m in Sources */,
				9177F77B24CD13EA002D90CF /* DateForecast.m in Sources */,
				911BBBB124CC70330038B60A /* LocationWeatherTableViewHandler.m in Sources */,
				9143451924C8A5B500F9E643 /* CityWeatherRouter.swift in Sources */,
				9143451A24C8A5B500F9E643 /* CityWeatherViewController.swift in Sources */,
				911BBB9F24CBED180038B60A /* LocationWeatherRouter.m in Sources */,
				9131199424CBE132001C667B /* ErrorResponse.swift in Sources */,
				918F7CB724C892E0009CAA5E /* APIRouter.swift in Sources */,
				911BBBA024CBED180038B60A /* LocationWeatherViewController.m in Sources */,
				918F7C9C24C88E45009CAA5E /* AppDelegate.swift in Sources */,
				91CE6BC224C9C19B006D6A68 /* WeatherResponse.swift in Sources */,
				9177F77824CD0CBD002D90CF /* CityForecast.m in Sources */,
				91CE6BC024C9C108006D6A68 /* Sys.swift in Sources */,
				9143451824C8A5B500F9E643 /* CityWeatherPresenter.swift in Sources */,
				918F7C9E24C88E45009CAA5E /* SceneDelegate.swift in Sources */,
				9143452324C8B06500F9E643 /* Weather.swift in Sources */,
				911BBBA624CC33BE0038B60A /* List.swift in Sources */,
				917F90EC24CB2F4F00FBFF1A /* CityWeatherTableViewCell.swift in Sources */,
				918F7CB524C892BF009CAA5E /* APIClient.swift in Sources */,
				9143451C24C8A5B500F9E643 /* CityWeatherInteractor.swift in Sources */,
				9143452724C8B2CA00F9E643 /* Wind.swift in Sources */,
				911BBBA424CC1C370038B60A /* ForecastResponse.swift in Sources */,
				918F7CB224C891FF009CAA5E /* Constants.swift in Sources */,
				9143452524C8B22100F9E643 /* Main.swift in Sources */,
				9143452124C8AE1100F9E643 /* Coordinate.swift in Sources */,
			);
			runOnlyForDeploymentPostprocessing = 0;
		};
/* End PBXSourcesBuildPhase section */

/* Begin PBXTargetDependency section */
		9138D29524CCAF270077966E /* PBXTargetDependency */ = {
			isa = PBXTargetDependency;
			target = 918F7C9724C88E45009CAA5E /* WeatherForecast */;
			targetProxy = 9138D29424CCAF270077966E /* PBXContainerItemProxy */;
		};
/* End PBXTargetDependency section */

/* Begin PBXVariantGroup section */
		918F7CA624C88E49009CAA5E /* LaunchScreen.storyboard */ = {
			isa = PBXVariantGroup;
			children = (
				918F7CA724C88E49009CAA5E /* Base */,
			);
			name = LaunchScreen.storyboard;
			sourceTree = "<group>";
		};
		91CE6BC324C9C55C006D6A68 /* Main.storyboard */ = {
			isa = PBXVariantGroup;
			children = (
				91CE6BC424C9C55C006D6A68 /* Base */,
			);
			name = Main.storyboard;
			sourceTree = "<group>";
		};
/* End PBXVariantGroup section */

/* Begin XCBuildConfiguration section */
		9138D29624CCAF270077966E /* Debug */ = {
			isa = XCBuildConfiguration;
			buildSettings = {
				BUNDLE_LOADER = "$(TEST_HOST)";
				CODE_SIGN_STYLE = Automatic;
				INFOPLIST_FILE = WeatherForecastTests/Info.plist;
				LD_RUNPATH_SEARCH_PATHS = (
					"$(inherited)",
					"@executable_path/Frameworks",
					"@loader_path/Frameworks",
				);
				PRODUCT_BUNDLE_IDENTIFIER = anis.WeatherForecastTests;
				PRODUCT_NAME = "$(TARGET_NAME)";
				SWIFT_VERSION = 5.0;
				TARGETED_DEVICE_FAMILY = "1,2";
				TEST_HOST = "$(BUILT_PRODUCTS_DIR)/WeatherForecast.app/WeatherForecast";
			};
			name = Debug;
		};
		9138D29724CCAF270077966E /* Release */ = {
			isa = XCBuildConfiguration;
			buildSettings = {
				BUNDLE_LOADER = "$(TEST_HOST)";
				CODE_SIGN_STYLE = Automatic;
				INFOPLIST_FILE = WeatherForecastTests/Info.plist;
				LD_RUNPATH_SEARCH_PATHS = (
					"$(inherited)",
					"@executable_path/Frameworks",
					"@loader_path/Frameworks",
				);
				PRODUCT_BUNDLE_IDENTIFIER = anis.WeatherForecastTests;
				PRODUCT_NAME = "$(TARGET_NAME)";
				SWIFT_VERSION = 5.0;
				TARGETED_DEVICE_FAMILY = "1,2";
				TEST_HOST = "$(BUILT_PRODUCTS_DIR)/WeatherForecast.app/WeatherForecast";
			};
			name = Release;
		};
		918F7CAA24C88E49009CAA5E /* Debug */ = {
			isa = XCBuildConfiguration;
			buildSettings = {
				ALWAYS_SEARCH_USER_PATHS = NO;
				CLANG_ANALYZER_NONNULL = YES;
				CLANG_ANALYZER_NUMBER_OBJECT_CONVERSION = YES_AGGRESSIVE;
				CLANG_CXX_LANGUAGE_STANDARD = "gnu++14";
				CLANG_CXX_LIBRARY = "libc++";
				CLANG_ENABLE_MODULES = YES;
				CLANG_ENABLE_OBJC_ARC = YES;
				CLANG_ENABLE_OBJC_WEAK = YES;
				CLANG_WARN_BLOCK_CAPTURE_AUTORELEASING = YES;
				CLANG_WARN_BOOL_CONVERSION = YES;
				CLANG_WARN_COMMA = YES;
				CLANG_WARN_CONSTANT_CONVERSION = YES;
				CLANG_WARN_DEPRECATED_OBJC_IMPLEMENTATIONS = YES;
				CLANG_WARN_DIRECT_OBJC_ISA_USAGE = YES_ERROR;
				CLANG_WARN_DOCUMENTATION_COMMENTS = YES;
				CLANG_WARN_EMPTY_BODY = YES;
				CLANG_WARN_ENUM_CONVERSION = YES;
				CLANG_WARN_INFINITE_RECURSION = YES;
				CLANG_WARN_INT_CONVERSION = YES;
				CLANG_WARN_NON_LITERAL_NULL_CONVERSION = YES;
				CLANG_WARN_OBJC_IMPLICIT_RETAIN_SELF = YES;
				CLANG_WARN_OBJC_LITERAL_CONVERSION = YES;
				CLANG_WARN_OBJC_ROOT_CLASS = YES_ERROR;
				CLANG_WARN_RANGE_LOOP_ANALYSIS = YES;
				CLANG_WARN_STRICT_PROTOTYPES = YES;
				CLANG_WARN_SUSPICIOUS_MOVE = YES;
				CLANG_WARN_UNGUARDED_AVAILABILITY = YES_AGGRESSIVE;
				CLANG_WARN_UNREACHABLE_CODE = YES;
				CLANG_WARN__DUPLICATE_METHOD_MATCH = YES;
				COPY_PHASE_STRIP = NO;
				DEBUG_INFORMATION_FORMAT = dwarf;
				ENABLE_STRICT_OBJC_MSGSEND = YES;
				ENABLE_TESTABILITY = YES;
				GCC_C_LANGUAGE_STANDARD = gnu11;
				GCC_DYNAMIC_NO_PIC = NO;
				GCC_NO_COMMON_BLOCKS = YES;
				GCC_OPTIMIZATION_LEVEL = 0;
				GCC_PREPROCESSOR_DEFINITIONS = (
					"DEBUG=1",
					"$(inherited)",
				);
				GCC_WARN_64_TO_32_BIT_CONVERSION = YES;
				GCC_WARN_ABOUT_RETURN_TYPE = YES_ERROR;
				GCC_WARN_UNDECLARED_SELECTOR = YES;
				GCC_WARN_UNINITIALIZED_AUTOS = YES_AGGRESSIVE;
				GCC_WARN_UNUSED_FUNCTION = YES;
				GCC_WARN_UNUSED_VARIABLE = YES;
				IPHONEOS_DEPLOYMENT_TARGET = 13.4;
				MTL_ENABLE_DEBUG_INFO = INCLUDE_SOURCE;
				MTL_FAST_MATH = YES;
				ONLY_ACTIVE_ARCH = YES;
				SDKROOT = iphoneos;
				SWIFT_ACTIVE_COMPILATION_CONDITIONS = DEBUG;
				SWIFT_OPTIMIZATION_LEVEL = "-Onone";
			};
			name = Debug;
		};
		918F7CAB24C88E49009CAA5E /* Release */ = {
			isa = XCBuildConfiguration;
			buildSettings = {
				ALWAYS_SEARCH_USER_PATHS = NO;
				CLANG_ANALYZER_NONNULL = YES;
				CLANG_ANALYZER_NUMBER_OBJECT_CONVERSION = YES_AGGRESSIVE;
				CLANG_CXX_LANGUAGE_STANDARD = "gnu++14";
				CLANG_CXX_LIBRARY = "libc++";
				CLANG_ENABLE_MODULES = YES;
				CLANG_ENABLE_OBJC_ARC = YES;
				CLANG_ENABLE_OBJC_WEAK = YES;
				CLANG_WARN_BLOCK_CAPTURE_AUTORELEASING = YES;
				CLANG_WARN_BOOL_CONVERSION = YES;
				CLANG_WARN_COMMA = YES;
				CLANG_WARN_CONSTANT_CONVERSION = YES;
				CLANG_WARN_DEPRECATED_OBJC_IMPLEMENTATIONS = YES;
				CLANG_WARN_DIRECT_OBJC_ISA_USAGE = YES_ERROR;
				CLANG_WARN_DOCUMENTATION_COMMENTS = YES;
				CLANG_WARN_EMPTY_BODY = YES;
				CLANG_WARN_ENUM_CONVERSION = YES;
				CLANG_WARN_INFINITE_RECURSION = YES;
				CLANG_WARN_INT_CONVERSION = YES;
				CLANG_WARN_NON_LITERAL_NULL_CONVERSION = YES;
				CLANG_WARN_OBJC_IMPLICIT_RETAIN_SELF = YES;
				CLANG_WARN_OBJC_LITERAL_CONVERSION = YES;
				CLANG_WARN_OBJC_ROOT_CLASS = YES_ERROR;
				CLANG_WARN_RANGE_LOOP_ANALYSIS = YES;
				CLANG_WARN_STRICT_PROTOTYPES = YES;
				CLANG_WARN_SUSPICIOUS_MOVE = YES;
				CLANG_WARN_UNGUARDED_AVAILABILITY = YES_AGGRESSIVE;
				CLANG_WARN_UNREACHABLE_CODE = YES;
				CLANG_WARN__DUPLICATE_METHOD_MATCH = YES;
				COPY_PHASE_STRIP = NO;
				DEBUG_INFORMATION_FORMAT = "dwarf-with-dsym";
				ENABLE_NS_ASSERTIONS = NO;
				ENABLE_STRICT_OBJC_MSGSEND = YES;
				GCC_C_LANGUAGE_STANDARD = gnu11;
				GCC_NO_COMMON_BLOCKS = YES;
				GCC_WARN_64_TO_32_BIT_CONVERSION = YES;
				GCC_WARN_ABOUT_RETURN_TYPE = YES_ERROR;
				GCC_WARN_UNDECLARED_SELECTOR = YES;
				GCC_WARN_UNINITIALIZED_AUTOS = YES_AGGRESSIVE;
				GCC_WARN_UNUSED_FUNCTION = YES;
				GCC_WARN_UNUSED_VARIABLE = YES;
				IPHONEOS_DEPLOYMENT_TARGET = 13.4;
				MTL_ENABLE_DEBUG_INFO = NO;
				MTL_FAST_MATH = YES;
				SDKROOT = iphoneos;
				SWIFT_COMPILATION_MODE = wholemodule;
				SWIFT_OPTIMIZATION_LEVEL = "-O";
				VALIDATE_PRODUCT = YES;
			};
			name = Release;
		};
		918F7CAD24C88E49009CAA5E /* Debug */ = {
			isa = XCBuildConfiguration;
			buildSettings = {
				ASSETCATALOG_COMPILER_APPICON_NAME = AppIcon;
				CLANG_ENABLE_MODULES = YES;
				CODE_SIGN_STYLE = Manual;
				DEFINES_MODULE = NO;
				DEVELOPMENT_TEAM = "";
				INFOPLIST_FILE = WeatherForecast/Info.plist;
				LD_RUNPATH_SEARCH_PATHS = (
					"$(inherited)",
					"@executable_path/Frameworks",
				);
				PRODUCT_BUNDLE_IDENTIFIER = anis.WeatherForecast;
				PRODUCT_NAME = "$(TARGET_NAME)";
				PROVISIONING_PROFILE_SPECIFIER = "";
				SWIFT_OBJC_BRIDGING_HEADER = "WeatherForecast/Modules/LocationWeather/WeatherForecast-Bridging-Header.h";
				SWIFT_OPTIMIZATION_LEVEL = "-Onone";
				SWIFT_VERSION = 5.0;
				TARGETED_DEVICE_FAMILY = "1,2";
			};
			name = Debug;
		};
		918F7CAE24C88E49009CAA5E /* Release */ = {
			isa = XCBuildConfiguration;
			buildSettings = {
				ASSETCATALOG_COMPILER_APPICON_NAME = AppIcon;
				CLANG_ENABLE_MODULES = YES;
				CODE_SIGN_STYLE = Manual;
				DEFINES_MODULE = NO;
				DEVELOPMENT_TEAM = "";
				INFOPLIST_FILE = WeatherForecast/Info.plist;
				LD_RUNPATH_SEARCH_PATHS = (
					"$(inherited)",
					"@executable_path/Frameworks",
				);
				PRODUCT_BUNDLE_IDENTIFIER = anis.WeatherForecast;
				PRODUCT_NAME = "$(TARGET_NAME)";
				PROVISIONING_PROFILE_SPECIFIER = "";
				SWIFT_OBJC_BRIDGING_HEADER = "WeatherForecast/Modules/LocationWeather/WeatherForecast-Bridging-Header.h";
				SWIFT_VERSION = 5.0;
				TARGETED_DEVICE_FAMILY = "1,2";
			};
			name = Release;
		};
/* End XCBuildConfiguration section */

/* Begin XCConfigurationList section */
		9138D29824CCAF270077966E /* Build configuration list for PBXNativeTarget "WeatherForecastTests" */ = {
			isa = XCConfigurationList;
			buildConfigurations = (
				9138D29624CCAF270077966E /* Debug */,
				9138D29724CCAF270077966E /* Release */,
			);
			defaultConfigurationIsVisible = 0;
			defaultConfigurationName = Release;
		};
		918F7C9324C88E45009CAA5E /* Build configuration list for PBXProject "WeatherForecast" */ = {
			isa = XCConfigurationList;
			buildConfigurations = (
				918F7CAA24C88E49009CAA5E /* Debug */,
				918F7CAB24C88E49009CAA5E /* Release */,
			);
			defaultConfigurationIsVisible = 0;
			defaultConfigurationName = Release;
		};
		918F7CAC24C88E49009CAA5E /* Build configuration list for PBXNativeTarget "WeatherForecast" */ = {
			isa = XCConfigurationList;
			buildConfigurations = (
				918F7CAD24C88E49009CAA5E /* Debug */,
				918F7CAE24C88E49009CAA5E /* Release */,
			);
			defaultConfigurationIsVisible = 0;
			defaultConfigurationName = Release;
		};
/* End XCConfigurationList section */
	};
	rootObject = 918F7C9024C88E45009CAA5E /* Project object */;
}
